
Microsoft Visual Studio Solution File, Format Version 12.00
# Visual Studio Version 17
VisualStudioVersion = 17.5.33414.496
MinimumVisualStudioVersion = 10.0.40219.1
Project("{FAE04EC0-301F-11D3-BF4B-00C04F79EFBC}") = "TubesKPL", "TubesKPL\TubesKPL.csproj", "{AC197135-D0E8-4DBC-8D28-36A5B28573B8}"
EndProject
Project("{FAE04EC0-301F-11D3-BF4B-00C04F79EFBC}") = "UnitTesting", "UnitTesting\UnitTesting.csproj", "{0B30443F-C4DB-4316-9E40-409D166D73D6}"
EndProject
Project("{FAE04EC0-301F-11D3-BF4B-00C04F79EFBC}") = "dataBarangLibrary", "dataBarangLibrary\dataBarangLibrary.csproj", "{03CA7D66-4ECD-41E6-A761-3E17E165B77A}"
EndProject
Global
	GlobalSection(SolutionConfigurationPlatforms) = preSolution
		Debug|Any CPU = Debug|Any CPU
		Release|Any CPU = Release|Any CPU
	EndGlobalSection
	GlobalSection(ProjectConfigurationPlatforms) = postSolution
		{AC197135-D0E8-4DBC-8D28-36A5B28573B8}.Debug|Any CPU.ActiveCfg = Debug|Any CPU
		{AC197135-D0E8-4DBC-8D28-36A5B28573B8}.Debug|Any CPU.Build.0 = Debug|Any CPU
		{AC197135-D0E8-4DBC-8D28-36A5B28573B8}.Release|Any CPU.ActiveCfg = Release|Any CPU
		{AC197135-D0E8-4DBC-8D28-36A5B28573B8}.Release|Any CPU.Build.0 = Release|Any CPU
		{0B30443F-C4DB-4316-9E40-409D166D73D6}.Debug|Any CPU.ActiveCfg = Debug|Any CPU
		{0B30443F-C4DB-4316-9E40-409D166D73D6}.Debug|Any CPU.Build.0 = Debug|Any CPU
		{0B30443F-C4DB-4316-9E40-409D166D73D6}.Release|Any CPU.ActiveCfg = Release|Any CPU
		{0B30443F-C4DB-4316-9E40-409D166D73D6}.Release|Any CPU.Build.0 = Release|Any CPU
		{03CA7D66-4ECD-41E6-A761-3E17E165B77A}.Debug|Any CPU.ActiveCfg = Debug|Any CPU
		{03CA7D66-4ECD-41E6-A761-3E17E165B77A}.Debug|Any CPU.Build.0 = Debug|Any CPU
		{03CA7D66-4ECD-41E6-A761-3E17E165B77A}.Release|Any CPU.ActiveCfg = Release|Any CPU
		{03CA7D66-4ECD-41E6-A761-3E17E165B77A}.Release|Any CPU.Build.0 = Release|Any CPU
	EndGlobalSection
	GlobalSection(SolutionProperties) = preSolution
		HideSolutionNode = FALSE
	EndGlobalSection
	GlobalSection(ExtensibilityGlobals) = postSolution
		SolutionGuid = {4038C3F9-5487-4081-B8C4-54B3BC4B76AB}
	EndGlobalSection
EndGlobal
